// !$*UTF8*$!
{
	archiveVersion = 1;
	classes = {
	};
	objectVersion = 50;
	objects = {

/* Begin PBXBuildFile section */
		DF7758CB21232A37001F1740 /* GoogleService-Info.plist in Resources */ = {isa = PBXBuildFile; fileRef = DF7758CA21232A37001F1740 /* GoogleService-Info.plist */; };
		DFDA62DC2113684B0045E02A /* AppDelegate.swift in Sources */ = {isa = PBXBuildFile; fileRef = DFDA62DB2113684B0045E02A /* AppDelegate.swift */; };
		DFDA62DE2113684B0045E02A /* MessagesController.swift in Sources */ = {isa = PBXBuildFile; fileRef = DFDA62DD2113684B0045E02A /* MessagesController.swift */; };
		DFDA62E12113684B0045E02A /* Main.storyboard in Resources */ = {isa = PBXBuildFile; fileRef = DFDA62DF2113684B0045E02A /* Main.storyboard */; };
		DFDA62E32113684D0045E02A /* Assets.xcassets in Resources */ = {isa = PBXBuildFile; fileRef = DFDA62E22113684D0045E02A /* Assets.xcassets */; };
		DFDA62E62113684D0045E02A /* LaunchScreen.storyboard in Resources */ = {isa = PBXBuildFile; fileRef = DFDA62E42113684D0045E02A /* LaunchScreen.storyboard */; };
		DFDA62EF21136B920045E02A /* LoginController.swift in Sources */ = {isa = PBXBuildFile; fileRef = DFDA62EE21136B920045E02A /* LoginController.swift */; };
		DFDA62F32119E0920045E02A /* NewMessageController.swift in Sources */ = {isa = PBXBuildFile; fileRef = DFDA62F22119E0920045E02A /* NewMessageController.swift */; };
		DFDA62F62119EA1A0045E02A /* User.swift in Sources */ = {isa = PBXBuildFile; fileRef = DFDA62F52119EA1A0045E02A /* User.swift */; };
		E8120A13678A8E4717E44515 /* Pods_gameOfChats.framework in Frameworks */ = {isa = PBXBuildFile; fileRef = A222E2741445EE3B88EE4797 /* Pods_gameOfChats.framework */; };
/* End PBXBuildFile section */

/* Begin PBXFileReference section */
		2C89151E8EA15EC6D1BC6044 /* Pods-gameOfChats.debug.xcconfig */ = {isa = PBXFileReference; includeInIndex = 1; lastKnownFileType = text.xcconfig; name = "Pods-gameOfChats.debug.xcconfig"; path = "Pods/Target Support Files/Pods-gameOfChats/Pods-gameOfChats.debug.xcconfig"; sourceTree = "<group>"; };
		9ACB19661C8F9AC5C0C1884A /* Pods-gameOfChats.release.xcconfig */ = {isa = PBXFileReference; includeInIndex = 1; lastKnownFileType = text.xcconfig; name = "Pods-gameOfChats.release.xcconfig"; path = "Pods/Target Support Files/Pods-gameOfChats/Pods-gameOfChats.release.xcconfig"; sourceTree = "<group>"; };
		A222E2741445EE3B88EE4797 /* Pods_gameOfChats.framework */ = {isa = PBXFileReference; explicitFileType = wrapper.framework; includeInIndex = 0; path = Pods_gameOfChats.framework; sourceTree = BUILT_PRODUCTS_DIR; };
		DF7758CA21232A37001F1740 /* GoogleService-Info.plist */ = {isa = PBXFileReference; fileEncoding = 4; lastKnownFileType = text.plist.xml; path = "GoogleService-Info.plist"; sourceTree = "<group>"; };
		DFDA62D82113684A0045E02A /* SwiftFirebaseMessenger.app */ = {isa = PBXFileReference; explicitFileType = wrapper.application; includeInIndex = 0; path = SwiftFirebaseMessenger.app; sourceTree = BUILT_PRODUCTS_DIR; };
		DFDA62DB2113684B0045E02A /* AppDelegate.swift */ = {isa = PBXFileReference; lastKnownFileType = sourcecode.swift; path = AppDelegate.swift; sourceTree = "<group>"; };
		DFDA62DD2113684B0045E02A /* MessagesController.swift */ = {isa = PBXFileReference; lastKnownFileType = sourcecode.swift; path = MessagesController.swift; sourceTree = "<group>"; };
		DFDA62E02113684B0045E02A /* Base */ = {isa = PBXFileReference; lastKnownFileType = file.storyboard; name = Base; path = Base.lproj/Main.storyboard; sourceTree = "<group>"; };
		DFDA62E22113684D0045E02A /* Assets.xcassets */ = {isa = PBXFileReference; lastKnownFileType = folder.assetcatalog; path = Assets.xcassets; sourceTree = "<group>"; };
		DFDA62E52113684D0045E02A /* Base */ = {isa = PBXFileReference; lastKnownFileType = file.storyboard; name = Base; path = Base.lproj/LaunchScreen.storyboard; sourceTree = "<group>"; };
		DFDA62E72113684D0045E02A /* Info.plist */ = {isa = PBXFileReference; lastKnownFileType = text.plist.xml; path = Info.plist; sourceTree = "<group>"; };
		DFDA62EE21136B920045E02A /* LoginController.swift */ = {isa = PBXFileReference; lastKnownFileType = sourcecode.swift; path = LoginController.swift; sourceTree = "<group>"; };
		DFDA62F22119E0920045E02A /* NewMessageController.swift */ = {isa = PBXFileReference; lastKnownFileType = sourcecode.swift; path = NewMessageController.swift; sourceTree = "<group>"; };
		DFDA62F52119EA1A0045E02A /* User.swift */ = {isa = PBXFileReference; lastKnownFileType = sourcecode.swift; path = User.swift; sourceTree = "<group>"; };
/* End PBXFileReference section */

/* Begin PBXFrameworksBuildPhase section */
		DFDA62D52113684A0045E02A /* Frameworks */ = {
			isa = PBXFrameworksBuildPhase;
			buildActionMask = 2147483647;
			files = (
				E8120A13678A8E4717E44515 /* Pods_gameOfChats.framework in Frameworks */,
			);
			runOnlyForDeploymentPostprocessing = 0;
		};
/* End PBXFrameworksBuildPhase section */

/* Begin PBXGroup section */
		3FD78F71F3ADB6CFDFDF07BD /* Pods */ = {
			isa = PBXGroup;
			children = (
				2C89151E8EA15EC6D1BC6044 /* Pods-gameOfChats.debug.xcconfig */,
				9ACB19661C8F9AC5C0C1884A /* Pods-gameOfChats.release.xcconfig */,
			);
			name = Pods;
			sourceTree = "<group>";
		};
		C7D7ADC79A5A163B5AF04991 /* Frameworks */ = {
			isa = PBXGroup;
			children = (
				A222E2741445EE3B88EE4797 /* Pods_gameOfChats.framework */,
			);
			name = Frameworks;
			sourceTree = "<group>";
		};
		DFDA62CF2113684A0045E02A = {
			isa = PBXGroup;
			children = (
				DFDA62DA2113684A0045E02A /* SwiftFirebaseMessenger */,
				DFDA62D92113684A0045E02A /* Products */,
				3FD78F71F3ADB6CFDFDF07BD /* Pods */,
				C7D7ADC79A5A163B5AF04991 /* Frameworks */,
			);
			sourceTree = "<group>";
		};
		DFDA62D92113684A0045E02A /* Products */ = {
			isa = PBXGroup;
			children = (
				DFDA62D82113684A0045E02A /* SwiftFirebaseMessenger.app */,
			);
			name = Products;
			sourceTree = "<group>";
		};
		DFDA62DA2113684A0045E02A /* SwiftFirebaseMessenger */ = {
			isa = PBXGroup;
			children = (
				DFDA62F42119EA050045E02A /* Model */,
				DFDA62ED21136B790045E02A /* Controller */,
				DFDA62DB2113684B0045E02A /* AppDelegate.swift */,
				DFDA62DF2113684B0045E02A /* Main.storyboard */,
				DFDA62E22113684D0045E02A /* Assets.xcassets */,
				DFDA62E42113684D0045E02A /* LaunchScreen.storyboard */,
				DFDA62E72113684D0045E02A /* Info.plist */,
				DF7758CA21232A37001F1740 /* GoogleService-Info.plist */,
			);
			path = SwiftFirebaseMessenger;
			sourceTree = "<group>";
		};
		DFDA62ED21136B790045E02A /* Controller */ = {
			isa = PBXGroup;
			children = (
				DFDA62EE21136B920045E02A /* LoginController.swift */,
				DFDA62DD2113684B0045E02A /* MessagesController.swift */,
				DFDA62F22119E0920045E02A /* NewMessageController.swift */,
			);
			path = Controller;
			sourceTree = "<group>";
		};
		DFDA62F42119EA050045E02A /* Model */ = {
			isa = PBXGroup;
			children = (
				DFDA62F52119EA1A0045E02A /* User.swift */,
			);
			path = Model;
			sourceTree = "<group>";
		};
/* End PBXGroup section */

/* Begin PBXNativeTarget section */
		DFDA62D72113684A0045E02A /* SwiftFirebaseMessenger */ = {
			isa = PBXNativeTarget;
			buildConfigurationList = DFDA62EA2113684D0045E02A /* Build configuration list for PBXNativeTarget "SwiftFirebaseMessenger" */;
			buildPhases = (
				3BACBDB9B22B0709DFA119C3 /* [CP] Check Pods Manifest.lock */,
				DFDA62D42113684A0045E02A /* Sources */,
				DFDA62D52113684A0045E02A /* Frameworks */,
				DFDA62D62113684A0045E02A /* Resources */,
				4B4C6DAFEC28382557812280 /* [CP] Embed Pods Frameworks */,
			);
			buildRules = (
			);
			dependencies = (
			);
			name = SwiftFirebaseMessenger;
			productName = gameOfChats;
			productReference = DFDA62D82113684A0045E02A /* SwiftFirebaseMessenger.app */;
			productType = "com.apple.product-type.application";
		};
/* End PBXNativeTarget section */

/* Begin PBXProject section */
		DFDA62D02113684A0045E02A /* Project object */ = {
			isa = PBXProject;
			attributes = {
				LastSwiftUpdateCheck = 0940;
				LastUpgradeCheck = 0940;
				ORGANIZATIONNAME = "Tristan Freeman";
				TargetAttributes = {
					DFDA62D72113684A0045E02A = {
						CreatedOnToolsVersion = 9.4.1;
					};
				};
			};
			buildConfigurationList = DFDA62D32113684A0045E02A /* Build configuration list for PBXProject "SwiftFirebaseMessenger" */;
			compatibilityVersion = "Xcode 9.3";
			developmentRegion = en;
			hasScannedForEncodings = 0;
			knownRegions = (
				en,
				Base,
			);
			mainGroup = DFDA62CF2113684A0045E02A;
			productRefGroup = DFDA62D92113684A0045E02A /* Products */;
			projectDirPath = "";
			projectRoot = "";
			targets = (
				DFDA62D72113684A0045E02A /* SwiftFirebaseMessenger */,
			);
		};
/* End PBXProject section */

/* Begin PBXResourcesBuildPhase section */
		DFDA62D62113684A0045E02A /* Resources */ = {
			isa = PBXResourcesBuildPhase;
			buildActionMask = 2147483647;
			files = (
				DFDA62E62113684D0045E02A /* LaunchScreen.storyboard in Resources */,
				DF7758CB21232A37001F1740 /* GoogleService-Info.plist in Resources */,
				DFDA62E32113684D0045E02A /* Assets.xcassets in Resources */,
				DFDA62E12113684B0045E02A /* Main.storyboard in Resources */,
			);
			runOnlyForDeploymentPostprocessing = 0;
		};
/* End PBXResourcesBuildPhase section */

/* Begin PBXShellScriptBuildPhase section */
		3BACBDB9B22B0709DFA119C3 /* [CP] Check Pods Manifest.lock */ = {
			isa = PBXShellScriptBuildPhase;
			buildActionMask = 2147483647;
			files = (
			);
			inputPaths = (
				"${PODS_PODFILE_DIR_PATH}/Podfile.lock",
				"${PODS_ROOT}/Manifest.lock",
			);
			name = "[CP] Check Pods Manifest.lock";
			outputPaths = (
				"$(DERIVED_FILE_DIR)/Pods-gameOfChats-checkManifestLockResult.txt",
			);
			runOnlyForDeploymentPostprocessing = 0;
			shellPath = /bin/sh;
			shellScript = "diff \"${PODS_PODFILE_DIR_PATH}/Podfile.lock\" \"${PODS_ROOT}/Manifest.lock\" > /dev/null\nif [ $? != 0 ] ; then\n    # print error to STDERR\n    echo \"error: The sandbox is not in sync with the Podfile.lock. Run 'pod install' or update your CocoaPods installation.\" >&2\n    exit 1\nfi\n# This output is used by Xcode 'outputs' to avoid re-running this script phase.\necho \"SUCCESS\" > \"${SCRIPT_OUTPUT_FILE_0}\"\n";
			showEnvVarsInLog = 0;
		};
		4B4C6DAFEC28382557812280 /* [CP] Embed Pods Frameworks */ = {
			isa = PBXShellScriptBuildPhase;
			buildActionMask = 2147483647;
			files = (
			);
			inputPaths = (
				"${SRCROOT}/Pods/Target Support Files/Pods-gameOfChats/Pods-gameOfChats-frameworks.sh",
				"${BUILT_PRODUCTS_DIR}/GTMSessionFetcher/GTMSessionFetcher.framework",
				"${BUILT_PRODUCTS_DIR}/GoogleToolboxForMac/GoogleToolboxForMac.framework",
				"${BUILT_PRODUCTS_DIR}/leveldb-library/leveldb.framework",
				"${BUILT_PRODUCTS_DIR}/nanopb/nanopb.framework",
			);
			name = "[CP] Embed Pods Frameworks";
			outputPaths = (
				"${TARGET_BUILD_DIR}/${FRAMEWORKS_FOLDER_PATH}/GTMSessionFetcher.framework",
				"${TARGET_BUILD_DIR}/${FRAMEWORKS_FOLDER_PATH}/GoogleToolboxForMac.framework",
				"${TARGET_BUILD_DIR}/${FRAMEWORKS_FOLDER_PATH}/leveldb.framework",
				"${TARGET_BUILD_DIR}/${FRAMEWORKS_FOLDER_PATH}/nanopb.framework",
			);
			runOnlyForDeploymentPostprocessing = 0;
			shellPath = /bin/sh;
			shellScript = "\"${SRCROOT}/Pods/Target Support Files/Pods-gameOfChats/Pods-gameOfChats-frameworks.sh\"\n";
			showEnvVarsInLog = 0;
		};
/* End PBXShellScriptBuildPhase section */

/* Begin PBXSourcesBuildPhase section */
		DFDA62D42113684A0045E02A /* Sources */ = {
			isa = PBXSourcesBuildPhase;
			buildActionMask = 2147483647;
			files = (
				DFDA62F32119E0920045E02A /* NewMessageController.swift in Sources */,
				DFDA62DE2113684B0045E02A /* MessagesController.swift in Sources */,
				DFDA62EF21136B920045E02A /* LoginController.swift in Sources */,
				DFDA62F62119EA1A0045E02A /* User.swift in Sources */,
				DFDA62DC2113684B0045E02A /* AppDelegate.swift in Sources */,
			);
			runOnlyForDeploymentPostprocessing = 0;
		};
/* End PBXSourcesBuildPhase section */

/* Begin PBXVariantGroup section */
		DFDA62DF2113684B0045E02A /* Main.storyboard */ = {
			isa = PBXVariantGroup;
			children = (
				DFDA62E02113684B0045E02A /* Base */,
			);
			name = Main.storyboard;
			sourceTree = "<group>";
		};
		DFDA62E42113684D0045E02A /* LaunchScreen.storyboard */ = {
			isa = PBXVariantGroup;
			children = (
				DFDA62E52113684D0045E02A /* Base */,
			);
			name = LaunchScreen.storyboard;
			sourceTree = "<group>";
		};
/* End PBXVariantGroup section */

/* Begin XCBuildConfiguration section */
		DFDA62E82113684D0045E02A /* Debug */ = {
			isa = XCBuildConfiguration;
			buildSettings = {
				ALWAYS_SEARCH_USER_PATHS = NO;
				CLANG_ANALYZER_NONNULL = YES;
				CLANG_ANALYZER_NUMBER_OBJECT_CONVERSION = YES_AGGRESSIVE;
				CLANG_CXX_LANGUAGE_STANDARD = "gnu++14";
				CLANG_CXX_LIBRARY = "libc++";
				CLANG_ENABLE_MODULES = YES;
				CLANG_ENABLE_OBJC_ARC = YES;
				CLANG_ENABLE_OBJC_WEAK = YES;
				CLANG_WARN_BLOCK_CAPTURE_AUTORELEASING = YES;
				CLANG_WARN_BOOL_CONVERSION = YES;
				CLANG_WARN_COMMA = YES;
				CLANG_WARN_CONSTANT_CONVERSION = YES;
				CLANG_WARN_DEPRECATED_OBJC_IMPLEMENTATIONS = YES;
				CLANG_WARN_DIRECT_OBJC_ISA_USAGE = YES_ERROR;
				CLANG_WARN_DOCUMENTATION_COMMENTS = YES;
				CLANG_WARN_EMPTY_BODY = YES;
				CLANG_WARN_ENUM_CONVERSION = YES;
				CLANG_WARN_INFINITE_RECURSION = YES;
				CLANG_WARN_INT_CONVERSION = YES;
				CLANG_WARN_NON_LITERAL_NULL_CONVERSION = YES;
				CLANG_WARN_OBJC_IMPLICIT_RETAIN_SELF = YES;
				CLANG_WARN_OBJC_LITERAL_CONVERSION = YES;
				CLANG_WARN_OBJC_ROOT_CLASS = YES_ERROR;
				CLANG_WARN_RANGE_LOOP_ANALYSIS = YES;
				CLANG_WARN_STRICT_PROTOTYPES = YES;
				CLANG_WARN_SUSPICIOUS_MOVE = YES;
				CLANG_WARN_UNGUARDED_AVAILABILITY = YES_AGGRESSIVE;
				CLANG_WARN_UNREACHABLE_CODE = YES;
				CLANG_WARN__DUPLICATE_METHOD_MATCH = YES;
				CODE_SIGN_IDENTITY = "iPhone Developer";
				COPY_PHASE_STRIP = NO;
				DEBUG_INFORMATION_FORMAT = dwarf;
				ENABLE_STRICT_OBJC_MSGSEND = YES;
				ENABLE_TESTABILITY = YES;
				GCC_C_LANGUAGE_STANDARD = gnu11;
				GCC_DYNAMIC_NO_PIC = NO;
				GCC_NO_COMMON_BLOCKS = YES;
				GCC_OPTIMIZATION_LEVEL = 0;
				GCC_PREPROCESSOR_DEFINITIONS = (
					"DEBUG=1",
					"$(inherited)",
				);
				GCC_WARN_64_TO_32_BIT_CONVERSION = YES;
				GCC_WARN_ABOUT_RETURN_TYPE = YES_ERROR;
				GCC_WARN_UNDECLARED_SELECTOR = YES;
				GCC_WARN_UNINITIALIZED_AUTOS = YES_AGGRESSIVE;
				GCC_WARN_UNUSED_FUNCTION = YES;
				GCC_WARN_UNUSED_VARIABLE = YES;
				IPHONEOS_DEPLOYMENT_TARGET = 11.4;
				MTL_ENABLE_DEBUG_INFO = YES;
				ONLY_ACTIVE_ARCH = YES;
				SDKROOT = iphoneos;
				SWIFT_ACTIVE_COMPILATION_CONDITIONS = DEBUG;
				SWIFT_OPTIMIZATION_LEVEL = "-Onone";
			};
			name = Debug;
		};
		DFDA62E92113684D0045E02A /* Release */ = {
			isa = XCBuildConfiguration;
			buildSettings = {
				ALWAYS_SEARCH_USER_PATHS = NO;
				CLANG_ANALYZER_NONNULL = YES;
				CLANG_ANALYZER_NUMBER_OBJECT_CONVERSION = YES_AGGRESSIVE;
				CLANG_CXX_LANGUAGE_STANDARD = "gnu++14";
				CLANG_CXX_LIBRARY = "libc++";
				CLANG_ENABLE_MODULES = YES;
				CLANG_ENABLE_OBJC_ARC = YES;
				CLANG_ENABLE_OBJC_WEAK = YES;
				CLANG_WARN_BLOCK_CAPTURE_AUTORELEASING = YES;
				CLANG_WARN_BOOL_CONVERSION = YES;
				CLANG_WARN_COMMA = YES;
				CLANG_WARN_CONSTANT_CONVERSION = YES;
				CLANG_WARN_DEPRECATED_OBJC_IMPLEMENTATIONS = YES;
				CLANG_WARN_DIRECT_OBJC_ISA_USAGE = YES_ERROR;
				CLANG_WARN_DOCUMENTATION_COMMENTS = YES;
				CLANG_WARN_EMPTY_BODY = YES;
				CLANG_WARN_ENUM_CONVERSION = YES;
				CLANG_WARN_INFINITE_RECURSION = YES;
				CLANG_WARN_INT_CONVERSION = YES;
				CLANG_WARN_NON_LITERAL_NULL_CONVERSION = YES;
				CLANG_WARN_OBJC_IMPLICIT_RETAIN_SELF = YES;
				CLANG_WARN_OBJC_LITERAL_CONVERSION = YES;
				CLANG_WARN_OBJC_ROOT_CLASS = YES_ERROR;
				CLANG_WARN_RANGE_LOOP_ANALYSIS = YES;
				CLANG_WARN_STRICT_PROTOTYPES = YES;
				CLANG_WARN_SUSPICIOUS_MOVE = YES;
				CLANG_WARN_UNGUARDED_AVAILABILITY = YES_AGGRESSIVE;
				CLANG_WARN_UNREACHABLE_CODE = YES;
				CLANG_WARN__DUPLICATE_METHOD_MATCH = YES;
				CODE_SIGN_IDENTITY = "iPhone Developer";
				COPY_PHASE_STRIP = NO;
				DEBUG_INFORMATION_FORMAT = "dwarf-with-dsym";
				ENABLE_NS_ASSERTIONS = NO;
				ENABLE_STRICT_OBJC_MSGSEND = YES;
				GCC_C_LANGUAGE_STANDARD = gnu11;
				GCC_NO_COMMON_BLOCKS = YES;
				GCC_WARN_64_TO_32_BIT_CONVERSION = YES;
				GCC_WARN_ABOUT_RETURN_TYPE = YES_ERROR;
				GCC_WARN_UNDECLARED_SELECTOR = YES;
				GCC_WARN_UNINITIALIZED_AUTOS = YES_AGGRESSIVE;
				GCC_WARN_UNUSED_FUNCTION = YES;
				GCC_WARN_UNUSED_VARIABLE = YES;
				IPHONEOS_DEPLOYMENT_TARGET = 11.4;
				MTL_ENABLE_DEBUG_INFO = NO;
				SDKROOT = iphoneos;
				SWIFT_COMPILATION_MODE = wholemodule;
				SWIFT_OPTIMIZATION_LEVEL = "-O";
				VALIDATE_PRODUCT = YES;
			};
			name = Release;
		};
		DFDA62EB2113684D0045E02A /* Debug */ = {
			isa = XCBuildConfiguration;
			baseConfigurationReference = 2C89151E8EA15EC6D1BC6044 /* Pods-gameOfChats.debug.xcconfig */;
			buildSettings = {
				ASSETCATALOG_COMPILER_APPICON_NAME = AppIcon;
				CODE_SIGN_STYLE = Automatic;
				DEVELOPMENT_TEAM = 38LX3DQCQ7;
				INFOPLIST_FILE = "$(SRCROOT)/SwiftFirebaseMessenger/Info.plist";
				LD_RUNPATH_SEARCH_PATHS = (
					"$(inherited)",
					"@executable_path/Frameworks",
				);
				PRODUCT_BUNDLE_IDENTIFIER = com.tristanfreeman.swiftFirebaseMessenger;
				PRODUCT_NAME = "$(TARGET_NAME)";
				SWIFT_VERSION = 4.0;
				TARGETED_DEVICE_FAMILY = "1,2";
			};
			name = Debug;
		};
		DFDA62EC2113684D0045E02A /* Release */ = {
			isa = XCBuildConfiguration;
			baseConfigurationReference = 9ACB19661C8F9AC5C0C1884A /* Pods-gameOfChats.release.xcconfig */;
			buildSettings = {
				ASSETCATALOG_COMPILER_APPICON_NAME = AppIcon;
				CODE_SIGN_STYLE = Automatic;
				DEVELOPMENT_TEAM = 38LX3DQCQ7;
				INFOPLIST_FILE = "$(SRCROOT)/SwiftFirebaseMessenger/Info.plist";
				LD_RUNPATH_SEARCH_PATHS = (
					"$(inherited)",
					"@executable_path/Frameworks",
				);
				PRODUCT_BUNDLE_IDENTIFIER = com.tristanfreeman.swiftFirebaseMessenger;
				PRODUCT_NAME = "$(TARGET_NAME)";
				SWIFT_VERSION = 4.0;
				TARGETED_DEVICE_FAMILY = "1,2";
			};
			name = Release;
		};
/* End XCBuildConfiguration section */

/* Begin XCConfigurationList section */
		DFDA62D32113684A0045E02A /* Build configuration list for PBXProject "SwiftFirebaseMessenger" */ = {
			isa = XCConfigurationList;
			buildConfigurations = (
				DFDA62E82113684D0045E02A /* Debug */,
				DFDA62E92113684D0045E02A /* Release */,
			);
			defaultConfigurationIsVisible = 0;
			defaultConfigurationName = Release;
		};
		DFDA62EA2113684D0045E02A /* Build configuration list for PBXNativeTarget "SwiftFirebaseMessenger" */ = {
			isa = XCConfigurationList;
			buildConfigurations = (
				DFDA62EB2113684D0045E02A /* Debug */,
				DFDA62EC2113684D0045E02A /* Release */,
			);
			defaultConfigurationIsVisible = 0;
			defaultConfigurationName = Release;
		};
/* End XCConfigurationList section */
	};
	rootObject = DFDA62D02113684A0045E02A /* Project object */;
}
